{
  "version": 4,
  "terraform_version": "1.9.7",
  "serial": 97,
  "lineage": "629f10bd-abff-e234-3434-6cf332921c4a",
  "outputs": {},
  "resources": [
    {
      "mode": "data",
      "type": "alicloud_zones",
      "name": "default",
      "provider": "provider[\"registry.terraform.io/hashicorp/alicloud\"]",
      "instances": [
        {
          "schema_version": 0,
          "attributes": {
            "available_disk_category": "cloud_efficiency",
            "available_instance_type": null,
            "available_resource_creation": "VSwitch",
            "available_slb_address_ip_version": null,
            "available_slb_address_type": null,
            "enable_details": false,
            "id": "398025721",
            "ids": [
              "me-central-1a",
              "me-central-1b"
            ],
            "instance_charge_type": "PostPaid",
            "multi": false,
            "network_type": null,
            "output_file": null,
            "spot_strategy": "NoSpot",
            "zones": [
              {
                "available_disk_categories": [],
                "available_instance_types": [],
                "available_resource_creation": [],
                "id": "me-central-1a",
                "local_name": "",
                "multi_zone_ids": [],
                "slb_slave_zone_ids": []
              },
              {
                "available_disk_categories": [],
                "available_instance_types": [],
                "available_resource_creation": [],
                "id": "me-central-1b",
                "local_name": "",
                "multi_zone_ids": [],
                "slb_slave_zone_ids": []
              }
            ]
          },
          "sensitive_attributes": []
        }
      ]
    },
    {
      "mode": "managed",
      "type": "alicloud_ecs_key_pair",
      "name": "key",
      "provider": "provider[\"registry.terraform.io/hashicorp/alicloud\"]",
      "instances": [
        {
          "status": "tainted",
          "schema_version": 0,
          "attributes": {
            "finger_print": null,
            "id": "keyhttp1",
            "key_file": "keyhttp1.pem",
            "key_name": null,
            "key_name_prefix": null,
            "key_pair_name": "keyhttp1",
            "public_key": null,
            "resource_group_id": null,
            "tags": null,
            "timeouts": null
          },
          "sensitive_attributes": [],
          "private": "eyJlMmJmYjczMC1lY2FhLTExZTYtOGY4OC0zNDM2M2JjN2M0YzAiOnsiZGVsZXRlIjozMDAwMDAwMDAwMDB9fQ=="
        }
      ]
    },
    {
      "mode": "managed",
      "type": "alicloud_eip_address",
      "name": "eip_nat",
      "provider": "provider[\"registry.terraform.io/hashicorp/alicloud\"]",
      "instances": [
        {
          "schema_version": 0,
          "attributes": {
            "activity_id": null,
            "address_name": "",
            "allocation_id": "eip-l4vgvv601c9dqriiosukc",
            "auto_pay": null,
            "bandwidth": "100",
            "create_time": "2024-10-31T14:16:22Z",
            "deletion_protection": false,
            "description": "",
            "high_definition_monitor_log_status": "OFF",
            "id": "eip-l4vgvv601c9dqriiosukc",
            "instance_charge_type": "PostPaid",
            "internet_charge_type": "PayByTraffic",
            "ip_address": "8.213.39.84",
            "isp": "BGP",
            "log_project": null,
            "log_store": null,
            "mode": "NAT",
            "name": "",
            "netmode": "public",
            "payment_type": "PayAsYouGo",
            "period": null,
            "pricing_cycle": null,
            "public_ip_address_pool_id": null,
            "resource_group_id": "rg-acfnt5kgqliw5xi",
            "security_protection_types": null,
            "status": "Available",
            "tags": null,
            "timeouts": null,
            "zone": null
          },
          "sensitive_attributes": [],
          "private": "eyJlMmJmYjczMC1lY2FhLTExZTYtOGY4OC0zNDM2M2JjN2M0YzAiOnsiY3JlYXRlIjo1NDAwMDAwMDAwMDAsImRlbGV0ZSI6NTQwMDAwMDAwMDAwLCJ1cGRhdGUiOjU0MDAwMDAwMDAwMH19"
        }
      ]
    },
    {
      "mode": "managed",
      "type": "alicloud_eip_association",
      "name": "link_eip_nat",
      "provider": "provider[\"registry.terraform.io/hashicorp/alicloud\"]",
      "instances": [
        {
          "schema_version": 0,
          "attributes": {
            "allocation_id": "eip-l4vgvv601c9dqriiosukc",
            "force": null,
            "id": "eip-l4vgvv601c9dqriiosukc:ngw-l4vl98gbqubbtfuxko5qp",
            "instance_id": "ngw-l4vl98gbqubbtfuxko5qp",
            "instance_type": "Nat",
            "mode": "NAT",
            "private_ip_address": "",
            "timeouts": null,
            "vpc_id": ""
          },
          "sensitive_attributes": [],
          "private": "eyJlMmJmYjczMC1lY2FhLTExZTYtOGY4OC0zNDM2M2JjN2M0YzAiOnsiY3JlYXRlIjozMDAwMDAwMDAwMDAsImRlbGV0ZSI6MzAwMDAwMDAwMDAwLCJ1cGRhdGUiOjMwMDAwMDAwMDAwMH19",
          "dependencies": [
            "alicloud_eip_address.eip_nat",
            "alicloud_nat_gateway.nat",
            "alicloud_vpc.vpc",
            "alicloud_vswitch.public-a",
            "data.alicloud_zones.default"
          ]
        }
      ]
    },
    {
      "mode": "managed",
      "type": "alicloud_nat_gateway",
      "name": "nat",
      "provider": "provider[\"registry.terraform.io/hashicorp/alicloud\"]",
      "instances": [
        {
          "schema_version": 0,
          "attributes": {
            "bandwidth_package_ids": null,
            "bandwidth_packages": [],
            "deletion_protection": false,
            "description": "",
            "dry_run": null,
            "eip_bind_mode": "MULTI_BINDED",
            "force": null,
            "forward_table_ids": "ftb-l4v73wtv0g89d2stwx4wk",
            "id": "ngw-l4vl98gbqubbtfuxko5qp",
            "instance_charge_type": "PostPaid",
            "internet_charge_type": "PayByLcu",
            "name": "nat",
            "nat_gateway_name": "nat",
            "nat_type": "Enhanced",
            "network_type": "internet",
            "payment_type": "PayAsYouGo",
            "period": null,
            "snat_table_ids": "stb-l4vgwh1gf3mww1dehce1h",
            "spec": null,
            "specification": "",
            "status": "Available",
            "tags": null,
            "timeouts": null,
            "vpc_id": "vpc-l4vjvpqwlwqfgrb5c8rj9",
            "vswitch_id": "vsw-l4v6byn0aukjhribwrtoj"
          },
          "sensitive_attributes": [],
          "private": "eyJlMmJmYjczMC1lY2FhLTExZTYtOGY4OC0zNDM2M2JjN2M0YzAiOnsiY3JlYXRlIjo2MDAwMDAwMDAwMDAsImRlbGV0ZSI6NjAwMDAwMDAwMDAwLCJ1cGRhdGUiOjYwMDAwMDAwMDAwMH19",
          "dependencies": [
            "alicloud_vpc.vpc",
            "alicloud_vswitch.public-a",
            "data.alicloud_zones.default"
          ]
        }
      ]
    },
    {
      "mode": "managed",
      "type": "alicloud_nlb_server_group",
      "name": "http",
      "provider": "provider[\"registry.terraform.io/hashicorp/alicloud\"]",
      "instances": [
        {
          "schema_version": 0,
          "attributes": {
            "address_ip_version": "Ipv4",
            "any_port_enabled": false,
            "connection_drain": true,
            "connection_drain_enabled": true,
            "connection_drain_timeout": 60,
            "health_check": [
              {
                "health_check_connect_port": 0,
                "health_check_connect_timeout": 5,
                "health_check_domain": "$SERVER_IP",
                "health_check_enabled": true,
                "health_check_http_code": [
                  "http_2xx",
                  "http_3xx",
                  "http_4xx"
                ],
                "health_check_interval": 10,
                "health_check_type": "TCP",
                "health_check_url": "",
                "healthy_threshold": 2,
                "http_check_method": "GET",
                "unhealthy_threshold": 2
              }
            ],
            "id": "sgp-m9ovhotq3hy6murb7m",
            "preserve_client_ip_enabled": true,
            "protocol": "TCP",
            "resource_group_id": "rg-acfnt5kgqliw5xi",
            "scheduler": "Rr",
            "server_group_name": "http",
            "server_group_type": "Instance",
            "status": "Available",
            "tags": null,
            "timeouts": null,
            "vpc_id": "vpc-l4vjvpqwlwqfgrb5c8rj9"
          },
          "sensitive_attributes": [],
          "private": "eyJlMmJmYjczMC1lY2FhLTExZTYtOGY4OC0zNDM2M2JjN2M0YzAiOnsiY3JlYXRlIjozMDAwMDAwMDAwMDAsImRlbGV0ZSI6MzAwMDAwMDAwMDAwLCJ1cGRhdGUiOjMwMDAwMDAwMDAwMH19",
          "dependencies": [
            "alicloud_vpc.vpc"
          ]
        }
      ]
    },
    {
      "mode": "managed",
      "type": "alicloud_route_entry",
      "name": "private-a_route_entry",
      "provider": "provider[\"registry.terraform.io/hashicorp/alicloud\"]",
      "instances": [
        {
          "schema_version": 0,
          "attributes": {
            "description": "",
            "destination_cidrblock": "0.0.0.0/0",
            "id": "vtb-l4vxfgus59fbzzlmfv80z:vrt-l4v7ihsqb9taqr2ybi1ye:0.0.0.0/0:NatGateway:ngw-l4vl98gbqubbtfuxko5qp",
            "name": "",
            "nexthop_id": "ngw-l4vl98gbqubbtfuxko5qp",
            "nexthop_type": "NatGateway",
            "route_table_id": "vtb-l4vxfgus59fbzzlmfv80z",
            "router_id": "vrt-l4v7ihsqb9taqr2ybi1ye"
          },
          "sensitive_attributes": [],
          "private": "bnVsbA==",
          "dependencies": [
            "alicloud_nat_gateway.nat",
            "alicloud_route_table.private-a_rt",
            "alicloud_vpc.vpc",
            "alicloud_vswitch.public-a",
            "data.alicloud_zones.default"
          ]
        }
      ]
    },
    {
      "mode": "managed",
      "type": "alicloud_route_table",
      "name": "private-a_rt",
      "provider": "provider[\"registry.terraform.io/hashicorp/alicloud\"]",
      "instances": [
        {
          "schema_version": 0,
          "attributes": {
            "associate_type": "VSwitch",
            "create_time": "2024-10-31T14:16:26Z",
            "description": "private-a_rt",
            "id": "vtb-l4vxfgus59fbzzlmfv80z",
            "name": "private-a_rt",
            "resource_group_id": "rg-acfnt5kgqliw5xi",
            "route_table_name": "private-a_rt",
            "status": "Available",
            "tags": null,
            "timeouts": null,
            "vpc_id": "vpc-l4vjvpqwlwqfgrb5c8rj9"
          },
          "sensitive_attributes": [],
          "private": "eyJlMmJmYjczMC1lY2FhLTExZTYtOGY4OC0zNDM2M2JjN2M0YzAiOnsiY3JlYXRlIjo2MDAwMDAwMDAwMDAsImRlbGV0ZSI6NjAwMDAwMDAwMDAwLCJ1cGRhdGUiOjYwMDAwMDAwMDAwMH19",
          "dependencies": [
            "alicloud_vpc.vpc"
          ]
        }
      ]
    },
    {
      "mode": "managed",
      "type": "alicloud_route_table_attachment",
      "name": "link_rt_private-a",
      "provider": "provider[\"registry.terraform.io/hashicorp/alicloud\"]",
      "instances": [
        {
          "schema_version": 0,
          "attributes": {
            "id": "vtb-l4vxfgus59fbzzlmfv80z:vsw-l4vpp6pbm2a15l7rpy66d",
            "route_table_id": "vtb-l4vxfgus59fbzzlmfv80z",
            "status": "Available",
            "timeouts": null,
            "vswitch_id": "vsw-l4vpp6pbm2a15l7rpy66d"
          },
          "sensitive_attributes": [],
          "private": "eyJlMmJmYjczMC1lY2FhLTExZTYtOGY4OC0zNDM2M2JjN2M0YzAiOnsiY3JlYXRlIjozMDAwMDAwMDAwMDAsImRlbGV0ZSI6MzAwMDAwMDAwMDAwfX0=",
          "dependencies": [
            "alicloud_route_table.private-a_rt",
            "alicloud_vpc.vpc",
            "alicloud_vswitch.private-a",
            "data.alicloud_zones.default"
          ]
        }
      ]
    },
    {
      "mode": "managed",
      "type": "alicloud_security_group",
      "name": "bastion_sg",
      "provider": "provider[\"registry.terraform.io/hashicorp/alicloud\"]",
      "instances": [
        {
          "schema_version": 0,
          "attributes": {
            "description": "bastion_sg",
            "id": "sg-l4viarnvkov19yo554jf",
            "inner_access": true,
            "inner_access_policy": "Accept",
            "name": "bastion_sg",
            "resource_group_id": "",
            "security_group_type": "normal",
            "tags": null,
            "timeouts": null,
            "vpc_id": "vpc-l4vjvpqwlwqfgrb5c8rj9"
          },
          "sensitive_attributes": [],
          "private": "eyJlMmJmYjczMC1lY2FhLTExZTYtOGY4OC0zNDM2M2JjN2M0YzAiOnsiZGVsZXRlIjo2MDAwMDAwMDAwMDB9fQ==",
          "dependencies": [
            "alicloud_vpc.vpc"
          ]
        }
      ]
    },
    {
      "mode": "managed",
      "type": "alicloud_security_group",
      "name": "http_sg",
      "provider": "provider[\"registry.terraform.io/hashicorp/alicloud\"]",
      "instances": [
        {
          "schema_version": 0,
          "attributes": {
            "description": "http_sg",
            "id": "sg-l4viarnvkov19yo554jg",
            "inner_access": true,
            "inner_access_policy": "Accept",
            "name": "http_sg",
            "resource_group_id": "",
            "security_group_type": "normal",
            "tags": null,
            "timeouts": null,
            "vpc_id": "vpc-l4vjvpqwlwqfgrb5c8rj9"
          },
          "sensitive_attributes": [],
          "private": "eyJlMmJmYjczMC1lY2FhLTExZTYtOGY4OC0zNDM2M2JjN2M0YzAiOnsiZGVsZXRlIjo2MDAwMDAwMDAwMDB9fQ==",
          "dependencies": [
            "alicloud_vpc.vpc"
          ]
        }
      ]
    },
    {
      "mode": "managed",
      "type": "alicloud_security_group",
      "name": "mysql_sg",
      "provider": "provider[\"registry.terraform.io/hashicorp/alicloud\"]",
      "instances": [
        {
          "schema_version": 0,
          "attributes": {
            "description": "mysql_sg",
            "id": "sg-l4v6wam66k53braifmwb",
            "inner_access": true,
            "inner_access_policy": "Accept",
            "name": "mysql_sg",
            "resource_group_id": "",
            "security_group_type": "normal",
            "tags": null,
            "timeouts": null,
            "vpc_id": "vpc-l4vjvpqwlwqfgrb5c8rj9"
          },
          "sensitive_attributes": [],
          "private": "eyJlMmJmYjczMC1lY2FhLTExZTYtOGY4OC0zNDM2M2JjN2M0YzAiOnsiZGVsZXRlIjo2MDAwMDAwMDAwMDB9fQ==",
          "dependencies": [
            "alicloud_vpc.vpc"
          ]
        }
      ]
    },
    {
      "mode": "managed",
      "type": "alicloud_security_group",
      "name": "redis_sg",
      "provider": "provider[\"registry.terraform.io/hashicorp/alicloud\"]",
      "instances": [
        {
          "schema_version": 0,
          "attributes": {
            "description": "redis_sg",
            "id": "sg-l4viarnvkov19yo554je",
            "inner_access": true,
            "inner_access_policy": "Accept",
            "name": "redis_sg",
            "resource_group_id": "",
            "security_group_type": "normal",
            "tags": null,
            "timeouts": null,
            "vpc_id": "vpc-l4vjvpqwlwqfgrb5c8rj9"
          },
          "sensitive_attributes": [],
          "private": "eyJlMmJmYjczMC1lY2FhLTExZTYtOGY4OC0zNDM2M2JjN2M0YzAiOnsiZGVsZXRlIjo2MDAwMDAwMDAwMDB9fQ==",
          "dependencies": [
            "alicloud_vpc.vpc"
          ]
        }
      ]
    },
    {
      "mode": "managed",
      "type": "alicloud_security_group_rule",
      "name": "bastion_sg_allow_ssh",
      "provider": "provider[\"registry.terraform.io/hashicorp/alicloud\"]",
      "instances": [
        {
          "schema_version": 0,
          "attributes": {
            "cidr_ip": "0.0.0.0/0",
            "description": "",
            "id": "sg-l4viarnvkov19yo554jf:ingress:tcp:22/22:\u003cnil\u003e:0.0.0.0/0:accept:1",
            "ip_protocol": "tcp",
            "ipv6_cidr_ip": "",
            "nic_type": "intranet",
            "policy": "accept",
            "port_range": "22/22",
            "prefix_list_id": "",
            "priority": 1,
            "security_group_id": "sg-l4viarnvkov19yo554jf",
            "source_group_owner_account": "",
            "source_security_group_id": "",
            "type": "ingress"
          },
          "sensitive_attributes": [],
          "private": "bnVsbA==",
          "dependencies": [
            "alicloud_security_group.bastion_sg",
            "alicloud_vpc.vpc"
          ]
        }
      ]
    },
    {
      "mode": "managed",
      "type": "alicloud_security_group_rule",
      "name": "http_sg_allow_ssh",
      "provider": "provider[\"registry.terraform.io/hashicorp/alicloud\"]",
      "instances": [
        {
          "schema_version": 0,
          "attributes": {
            "cidr_ip": "",
            "description": "",
            "id": "sg-l4viarnvkov19yo554jg:ingress:tcp:22/22:\u003cnil\u003e:sg-l4viarnvkov19yo554jf:accept:1",
            "ip_protocol": "tcp",
            "ipv6_cidr_ip": "",
            "nic_type": "intranet",
            "policy": "accept",
            "port_range": "22/22",
            "prefix_list_id": "",
            "priority": 1,
            "security_group_id": "sg-l4viarnvkov19yo554jg",
            "source_group_owner_account": "",
            "source_security_group_id": "sg-l4viarnvkov19yo554jf",
            "type": "ingress"
          },
          "sensitive_attributes": [],
          "private": "bnVsbA==",
          "dependencies": [
            "alicloud_security_group.bastion_sg",
            "alicloud_security_group.http_sg",
            "alicloud_vpc.vpc"
          ]
        }
      ]
    },
    {
      "mode": "managed",
      "type": "alicloud_security_group_rule",
      "name": "mysql_sg_allow_mysql",
      "provider": "provider[\"registry.terraform.io/hashicorp/alicloud\"]",
      "instances": [
        {
          "schema_version": 0,
          "attributes": {
            "cidr_ip": "",
            "description": "",
            "id": "sg-l4v6wam66k53braifmwb:ingress:tcp:3306/3306:\u003cnil\u003e:sg-l4viarnvkov19yo554jg:accept:1",
            "ip_protocol": "tcp",
            "ipv6_cidr_ip": "",
            "nic_type": "intranet",
            "policy": "accept",
            "port_range": "3306/3306",
            "prefix_list_id": "",
            "priority": 1,
            "security_group_id": "sg-l4v6wam66k53braifmwb",
            "source_group_owner_account": "",
            "source_security_group_id": "sg-l4viarnvkov19yo554jg",
            "type": "ingress"
          },
          "sensitive_attributes": [],
          "private": "bnVsbA==",
          "dependencies": [
            "alicloud_security_group.http_sg",
            "alicloud_security_group.mysql_sg",
            "alicloud_vpc.vpc"
          ]
        }
      ]
    },
    {
      "mode": "managed",
      "type": "alicloud_security_group_rule",
      "name": "mysql_sg_allow_ssh",
      "provider": "provider[\"registry.terraform.io/hashicorp/alicloud\"]",
      "instances": [
        {
          "schema_version": 0,
          "attributes": {
            "cidr_ip": "",
            "description": "",
            "id": "sg-l4v6wam66k53braifmwb:ingress:tcp:22/22:\u003cnil\u003e:sg-l4viarnvkov19yo554jf:accept:1",
            "ip_protocol": "tcp",
            "ipv6_cidr_ip": "",
            "nic_type": "intranet",
            "policy": "accept",
            "port_range": "22/22",
            "prefix_list_id": "",
            "priority": 1,
            "security_group_id": "sg-l4v6wam66k53braifmwb",
            "source_group_owner_account": "",
            "source_security_group_id": "sg-l4viarnvkov19yo554jf",
            "type": "ingress"
          },
          "sensitive_attributes": [],
          "private": "bnVsbA==",
          "dependencies": [
            "alicloud_security_group.bastion_sg",
            "alicloud_security_group.mysql_sg",
            "alicloud_vpc.vpc"
          ]
        }
      ]
    },
    {
      "mode": "managed",
      "type": "alicloud_security_group_rule",
      "name": "redis_sg_allow_redis",
      "provider": "provider[\"registry.terraform.io/hashicorp/alicloud\"]",
      "instances": [
        {
          "schema_version": 0,
          "attributes": {
            "cidr_ip": "",
            "description": "",
            "id": "sg-l4viarnvkov19yo554je:ingress:tcp:6379/6379:\u003cnil\u003e:sg-l4viarnvkov19yo554jg:accept:1",
            "ip_protocol": "tcp",
            "ipv6_cidr_ip": "",
            "nic_type": "intranet",
            "policy": "accept",
            "port_range": "6379/6379",
            "prefix_list_id": "",
            "priority": 1,
            "security_group_id": "sg-l4viarnvkov19yo554je",
            "source_group_owner_account": "",
            "source_security_group_id": "sg-l4viarnvkov19yo554jg",
            "type": "ingress"
          },
          "sensitive_attributes": [],
          "private": "bnVsbA==",
          "dependencies": [
            "alicloud_security_group.http_sg",
            "alicloud_security_group.redis_sg",
            "alicloud_vpc.vpc"
          ]
        }
      ]
    },
    {
      "mode": "managed",
      "type": "alicloud_security_group_rule",
      "name": "redis_sg_allow_ssh",
      "provider": "provider[\"registry.terraform.io/hashicorp/alicloud\"]",
      "instances": [
        {
          "schema_version": 0,
          "attributes": {
            "cidr_ip": "",
            "description": "",
            "id": "sg-l4viarnvkov19yo554je:ingress:tcp:22/22:\u003cnil\u003e:sg-l4viarnvkov19yo554jf:accept:1",
            "ip_protocol": "tcp",
            "ipv6_cidr_ip": "",
            "nic_type": "intranet",
            "policy": "accept",
            "port_range": "22/22",
            "prefix_list_id": "",
            "priority": 1,
            "security_group_id": "sg-l4viarnvkov19yo554je",
            "source_group_owner_account": "",
            "source_security_group_id": "sg-l4viarnvkov19yo554jf",
            "type": "ingress"
          },
          "sensitive_attributes": [],
          "private": "bnVsbA==",
          "dependencies": [
            "alicloud_security_group.bastion_sg",
            "alicloud_security_group.redis_sg",
            "alicloud_vpc.vpc"
          ]
        }
      ]
    },
    {
      "mode": "managed",
      "type": "alicloud_snat_entry",
      "name": "http_private_nat",
      "provider": "provider[\"registry.terraform.io/hashicorp/alicloud\"]",
      "instances": [
        {
          "schema_version": 0,
          "attributes": {
            "id": "stb-l4vgwh1gf3mww1dehce1h:snat-l4vk5fq5luptclezzxeez",
            "snat_entry_id": "snat-l4vk5fq5luptclezzxeez",
            "snat_entry_name": "",
            "snat_ip": "8.213.39.84",
            "snat_table_id": "stb-l4vgwh1gf3mww1dehce1h",
            "source_cidr": "10.0.2.0/24",
            "source_vswitch_id": "vsw-l4vpp6pbm2a15l7rpy66d",
            "status": "Available",
            "timeouts": null
          },
          "sensitive_attributes": [],
          "private": "eyJlMmJmYjczMC1lY2FhLTExZTYtOGY4OC0zNDM2M2JjN2M0YzAiOnsiY3JlYXRlIjoxMjAwMDAwMDAwMDAsImRlbGV0ZSI6MTIwMDAwMDAwMDAwLCJ1cGRhdGUiOjEyMDAwMDAwMDAwMH19",
          "dependencies": [
            "alicloud_eip_address.eip_nat",
            "alicloud_nat_gateway.nat",
            "alicloud_vpc.vpc",
            "alicloud_vswitch.private-a",
            "alicloud_vswitch.public-a",
            "data.alicloud_zones.default"
          ]
        }
      ]
    },
    {
      "mode": "managed",
      "type": "alicloud_vpc",
      "name": "vpc",
      "provider": "provider[\"registry.terraform.io/hashicorp/alicloud\"]",
      "instances": [
        {
          "schema_version": 0,
          "attributes": {
            "cidr_block": "10.0.0.0/8",
            "classic_link_enabled": false,
            "create_time": "2024-10-31T14:16:18Z",
            "description": "",
            "dry_run": null,
            "enable_ipv6": false,
            "id": "vpc-l4vjvpqwlwqfgrb5c8rj9",
            "ipv4_ipam_pool_id": null,
            "ipv6_cidr_block": "",
            "ipv6_cidr_blocks": [],
            "ipv6_isp": null,
            "is_default": null,
            "name": "vpc",
            "resource_group_id": "rg-acfnt5kgqliw5xi",
            "route_table_id": "vtb-l4vey55rr29q6mb0le3c7",
            "router_id": "vrt-l4v7ihsqb9taqr2ybi1ye",
            "router_table_id": "vtb-l4vey55rr29q6mb0le3c7",
            "secondary_cidr_blocks": [],
            "status": "Available",
            "system_route_table_description": "",
            "system_route_table_name": "",
            "tags": null,
            "timeouts": null,
            "user_cidrs": [],
            "vpc_name": "vpc"
          },
          "sensitive_attributes": [],
          "private": "eyJlMmJmYjczMC1lY2FhLTExZTYtOGY4OC0zNDM2M2JjN2M0YzAiOnsiY3JlYXRlIjozMDAwMDAwMDAwMDAsImRlbGV0ZSI6MzAwMDAwMDAwMDAwLCJ1cGRhdGUiOjMwMDAwMDAwMDAwMH19"
        }
      ]
    },
    {
      "mode": "managed",
      "type": "alicloud_vswitch",
      "name": "private-a",
      "provider": "provider[\"registry.terraform.io/hashicorp/alicloud\"]",
      "instances": [
        {
          "schema_version": 0,
          "attributes": {
            "availability_zone": "me-central-1a",
            "cidr_block": "10.0.2.0/24",
            "create_time": "2024-10-31T14:16:43Z",
            "description": "",
            "enable_ipv6": null,
            "id": "vsw-l4vpp6pbm2a15l7rpy66d",
            "ipv6_cidr_block": "",
            "ipv6_cidr_block_mask": null,
            "name": "private-b",
            "status": "Available",
            "tags": null,
            "timeouts": null,
            "vpc_id": "vpc-l4vjvpqwlwqfgrb5c8rj9",
            "vswitch_name": "private-b",
            "zone_id": "me-central-1a"
          },
          "sensitive_attributes": [],
          "private": "eyJlMmJmYjczMC1lY2FhLTExZTYtOGY4OC0zNDM2M2JjN2M0YzAiOnsiY3JlYXRlIjozMDAwMDAwMDAwMDAsImRlbGV0ZSI6NjAwMDAwMDAwMDAwLCJ1cGRhdGUiOjMwMDAwMDAwMDAwMH19",
          "dependencies": [
            "alicloud_vpc.vpc",
            "data.alicloud_zones.default"
          ]
        }
      ]
    },
    {
      "mode": "managed",
      "type": "alicloud_vswitch",
      "name": "public-a",
      "provider": "provider[\"registry.terraform.io/hashicorp/alicloud\"]",
      "instances": [
        {
          "schema_version": 0,
          "attributes": {
            "availability_zone": "me-central-1a",
            "cidr_block": "10.0.1.0/24",
            "create_time": "2024-10-31T14:16:36Z",
            "description": "",
            "enable_ipv6": null,
            "id": "vsw-l4v6byn0aukjhribwrtoj",
            "ipv6_cidr_block": "",
            "ipv6_cidr_block_mask": null,
            "name": "public-a",
            "status": "Available",
            "tags": null,
            "timeouts": null,
            "vpc_id": "vpc-l4vjvpqwlwqfgrb5c8rj9",
            "vswitch_name": "public-a",
            "zone_id": "me-central-1a"
          },
          "sensitive_attributes": [],
          "private": "eyJlMmJmYjczMC1lY2FhLTExZTYtOGY4OC0zNDM2M2JjN2M0YzAiOnsiY3JlYXRlIjozMDAwMDAwMDAwMDAsImRlbGV0ZSI6NjAwMDAwMDAwMDAwLCJ1cGRhdGUiOjMwMDAwMDAwMDAwMH19",
          "dependencies": [
            "alicloud_vpc.vpc",
            "data.alicloud_zones.default"
          ]
        }
      ]
    },
    {
      "mode": "managed",
      "type": "alicloud_vswitch",
      "name": "public-b",
      "provider": "provider[\"registry.terraform.io/hashicorp/alicloud\"]",
      "instances": [
        {
          "schema_version": 0,
          "attributes": {
            "availability_zone": "me-central-1b",
            "cidr_block": "10.0.3.0/24",
            "create_time": "2024-10-31T14:16:29Z",
            "description": "",
            "enable_ipv6": null,
            "id": "vsw-l4vxca0ntc8710t0k4bio",
            "ipv6_cidr_block": "",
            "ipv6_cidr_block_mask": null,
            "name": "public-b",
            "status": "Available",
            "tags": null,
            "timeouts": null,
            "vpc_id": "vpc-l4vjvpqwlwqfgrb5c8rj9",
            "vswitch_name": "public-b",
            "zone_id": "me-central-1b"
          },
          "sensitive_attributes": [],
          "private": "eyJlMmJmYjczMC1lY2FhLTExZTYtOGY4OC0zNDM2M2JjN2M0YzAiOnsiY3JlYXRlIjozMDAwMDAwMDAwMDAsImRlbGV0ZSI6NjAwMDAwMDAwMDAwLCJ1cGRhdGUiOjMwMDAwMDAwMDAwMH19",
          "dependencies": [
            "alicloud_vpc.vpc",
            "data.alicloud_zones.default"
          ]
        }
      ]
    }
  ],
  "check_results": null
}
